
Microsoft Visual Studio Solution File, Format Version 12.00
# Visual Studio 2012
VisualStudioVersion = 12.0.30723.0
MinimumVisualStudioVersion = 10.0.40219.1
Project("{FAE04EC0-301F-11D3-BF4B-00C04F79EFBC}") = "ExampleGame", "ExampleGame\ExampleGame.csproj", "{845EDE87-79AA-4026-8A1D-F1A0FAAFA216}"
EndProject
Project("{FAE04EC0-301F-11D3-BF4B-00C04F79EFBC}") = "JPEngine", "JPEngine\JPEngine.csproj", "{BEA11051-373F-4301-ACFB-574972F6E5AD}"
EndProject
Project("{FAE04EC0-301F-11D3-BF4B-00C04F79EFBC}") = "UnitTestProject", "UnitTestProject\UnitTestProject.csproj", "{FE8E5CF1-8B3A-4FA4-BDF6-BEF22F07D730}"
EndProject
Project("{FAE04EC0-301F-11D3-BF4B-00C04F79EFBC}") = "GameEditor", "GameEditor\GameEditor.csproj", "{C057EE7D-AB7E-4416-AB79-1B2E7AF00910}"
EndProject
Project("{FAE04EC0-301F-11D3-BF4B-00C04F79EFBC}") = "Farseer Physics MonoGame", "FarseerEngine\Farseer Physics MonoGame.csproj", "{0AAD36E3-51A5-4A07-AB60-5C8A66BD38B7}"
EndProject
Global
	GlobalSection(SolutionConfigurationPlatforms) = preSolution
		Android|Any CPU = Android|Any CPU
		Android|Mixed Platforms = Android|Mixed Platforms
		Android|x64 = Android|x64
		Android|x86 = Android|x86
		Debug|Any CPU = Debug|Any CPU
		Debug|Mixed Platforms = Debug|Mixed Platforms
		Debug|x64 = Debug|x64
		Debug|x86 = Debug|x86
		iOS|Any CPU = iOS|Any CPU
		iOS|Mixed Platforms = iOS|Mixed Platforms
		iOS|x64 = iOS|x64
		iOS|x86 = iOS|x86
		Linux|Any CPU = Linux|Any CPU
		Linux|Mixed Platforms = Linux|Mixed Platforms
		Linux|x64 = Linux|x64
		Linux|x86 = Linux|x86
		OSX|Any CPU = OSX|Any CPU
		OSX|Mixed Platforms = OSX|Mixed Platforms
		OSX|x64 = OSX|x64
		OSX|x86 = OSX|x86
		PSM|Any CPU = PSM|Any CPU
		PSM|Mixed Platforms = PSM|Mixed Platforms
		PSM|x64 = PSM|x64
		PSM|x86 = PSM|x86
		Release|Any CPU = Release|Any CPU
		Release|Mixed Platforms = Release|Mixed Platforms
		Release|x64 = Release|x64
		Release|x86 = Release|x86
		Windows|Any CPU = Windows|Any CPU
		Windows|Mixed Platforms = Windows|Mixed Platforms
		Windows|x64 = Windows|x64
		Windows|x86 = Windows|x86
		Windows8|Any CPU = Windows8|Any CPU
		Windows8|Mixed Platforms = Windows8|Mixed Platforms
		Windows8|x64 = Windows8|x64
		Windows8|x86 = Windows8|x86
	EndGlobalSection
	GlobalSection(ProjectConfigurationPlatforms) = postSolution
		{0AAD36E3-51A5-4A07-AB60-5C8A66BD38B7}.Android|Any CPU.ActiveCfg = Release|x86
		{0AAD36E3-51A5-4A07-AB60-5C8A66BD38B7}.Android|Mixed Platforms.ActiveCfg = Release|x86
		{0AAD36E3-51A5-4A07-AB60-5C8A66BD38B7}.Android|Mixed Platforms.Build.0 = Release|x86
		{0AAD36E3-51A5-4A07-AB60-5C8A66BD38B7}.Android|x64.ActiveCfg = Release|x86
		{0AAD36E3-51A5-4A07-AB60-5C8A66BD38B7}.Android|x86.ActiveCfg = Release|x86
		{0AAD36E3-51A5-4A07-AB60-5C8A66BD38B7}.Android|x86.Build.0 = Release|x86
		{0AAD36E3-51A5-4A07-AB60-5C8A66BD38B7}.Debug|Any CPU.ActiveCfg = Debug|Any CPU
		{0AAD36E3-51A5-4A07-AB60-5C8A66BD38B7}.Debug|Any CPU.Build.0 = Debug|Any CPU
		{0AAD36E3-51A5-4A07-AB60-5C8A66BD38B7}.Debug|Mixed Platforms.ActiveCfg = Debug|x86
		{0AAD36E3-51A5-4A07-AB60-5C8A66BD38B7}.Debug|Mixed Platforms.Build.0 = Debug|x86
		{0AAD36E3-51A5-4A07-AB60-5C8A66BD38B7}.Debug|x64.ActiveCfg = Debug|x86
		{0AAD36E3-51A5-4A07-AB60-5C8A66BD38B7}.Debug|x86.ActiveCfg = Debug|x86
		{0AAD36E3-51A5-4A07-AB60-5C8A66BD38B7}.Debug|x86.Build.0 = Debug|x86
		{0AAD36E3-51A5-4A07-AB60-5C8A66BD38B7}.iOS|Any CPU.ActiveCfg = Release|x86
		{0AAD36E3-51A5-4A07-AB60-5C8A66BD38B7}.iOS|Mixed Platforms.ActiveCfg = Release|x86
		{0AAD36E3-51A5-4A07-AB60-5C8A66BD38B7}.iOS|Mixed Platforms.Build.0 = Release|x86
		{0AAD36E3-51A5-4A07-AB60-5C8A66BD38B7}.iOS|x64.ActiveCfg = Release|x86
		{0AAD36E3-51A5-4A07-AB60-5C8A66BD38B7}.iOS|x86.ActiveCfg = Release|x86
		{0AAD36E3-51A5-4A07-AB60-5C8A66BD38B7}.iOS|x86.Build.0 = Release|x86
		{0AAD36E3-51A5-4A07-AB60-5C8A66BD38B7}.Linux|Any CPU.ActiveCfg = Release|x86
		{0AAD36E3-51A5-4A07-AB60-5C8A66BD38B7}.Linux|Mixed Platforms.ActiveCfg = Release|x86
		{0AAD36E3-51A5-4A07-AB60-5C8A66BD38B7}.Linux|Mixed Platforms.Build.0 = Release|x86
		{0AAD36E3-51A5-4A07-AB60-5C8A66BD38B7}.Linux|x64.ActiveCfg = Release|x86
		{0AAD36E3-51A5-4A07-AB60-5C8A66BD38B7}.Linux|x86.ActiveCfg = Release|x86
		{0AAD36E3-51A5-4A07-AB60-5C8A66BD38B7}.Linux|x86.Build.0 = Release|x86
		{0AAD36E3-51A5-4A07-AB60-5C8A66BD38B7}.OSX|Any CPU.ActiveCfg = Release|x86
		{0AAD36E3-51A5-4A07-AB60-5C8A66BD38B7}.OSX|Mixed Platforms.ActiveCfg = Release|x86
		{0AAD36E3-51A5-4A07-AB60-5C8A66BD38B7}.OSX|Mixed Platforms.Build.0 = Release|x86
		{0AAD36E3-51A5-4A07-AB60-5C8A66BD38B7}.OSX|x64.ActiveCfg = Release|x86
		{0AAD36E3-51A5-4A07-AB60-5C8A66BD38B7}.OSX|x86.ActiveCfg = Release|x86
		{0AAD36E3-51A5-4A07-AB60-5C8A66BD38B7}.OSX|x86.Build.0 = Release|x86
		{0AAD36E3-51A5-4A07-AB60-5C8A66BD38B7}.PSM|Any CPU.ActiveCfg = Release|x86
		{0AAD36E3-51A5-4A07-AB60-5C8A66BD38B7}.PSM|Mixed Platforms.ActiveCfg = Release|x86
		{0AAD36E3-51A5-4A07-AB60-5C8A66BD38B7}.PSM|Mixed Platforms.Build.0 = Release|x86
		{0AAD36E3-51A5-4A07-AB60-5C8A66BD38B7}.PSM|x64.ActiveCfg = Release|x86
		{0AAD36E3-51A5-4A07-AB60-5C8A66BD38B7}.PSM|x86.ActiveCfg = Release|x86
		{0AAD36E3-51A5-4A07-AB60-5C8A66BD38B7}.PSM|x86.Build.0 = Release|x86
		{0AAD36E3-51A5-4A07-AB60-5C8A66BD38B7}.Release|Any CPU.ActiveCfg = Release|Any CPU
		{0AAD36E3-51A5-4A07-AB60-5C8A66BD38B7}.Release|Any CPU.Build.0 = Release|Any CPU
		{0AAD36E3-51A5-4A07-AB60-5C8A66BD38B7}.Release|Mixed Platforms.ActiveCfg = Release|x86
		{0AAD36E3-51A5-4A07-AB60-5C8A66BD38B7}.Release|Mixed Platforms.Build.0 = Release|x86
		{0AAD36E3-51A5-4A07-AB60-5C8A66BD38B7}.Release|x64.ActiveCfg = Release|x86
		{0AAD36E3-51A5-4A07-AB60-5C8A66BD38B7}.Release|x86.ActiveCfg = Release|x86
		{0AAD36E3-51A5-4A07-AB60-5C8A66BD38B7}.Release|x86.Build.0 = Release|x86
		{0AAD36E3-51A5-4A07-AB60-5C8A66BD38B7}.Windows|Any CPU.ActiveCfg = Release|x86
		{0AAD36E3-51A5-4A07-AB60-5C8A66BD38B7}.Windows|Mixed Platforms.ActiveCfg = Release|x86
		{0AAD36E3-51A5-4A07-AB60-5C8A66BD38B7}.Windows|Mixed Platforms.Build.0 = Release|x86
		{0AAD36E3-51A5-4A07-AB60-5C8A66BD38B7}.Windows|x64.ActiveCfg = Release|x86
		{0AAD36E3-51A5-4A07-AB60-5C8A66BD38B7}.Windows|x86.ActiveCfg = Release|x86
		{0AAD36E3-51A5-4A07-AB60-5C8A66BD38B7}.Windows|x86.Build.0 = Release|x86
		{0AAD36E3-51A5-4A07-AB60-5C8A66BD38B7}.Windows8|Any CPU.ActiveCfg = Release|x86
		{0AAD36E3-51A5-4A07-AB60-5C8A66BD38B7}.Windows8|Mixed Platforms.ActiveCfg = Release|x86
		{0AAD36E3-51A5-4A07-AB60-5C8A66BD38B7}.Windows8|Mixed Platforms.Build.0 = Release|x86
		{0AAD36E3-51A5-4A07-AB60-5C8A66BD38B7}.Windows8|x64.ActiveCfg = Release|x86
		{0AAD36E3-51A5-4A07-AB60-5C8A66BD38B7}.Windows8|x86.ActiveCfg = Release|x86
		{0AAD36E3-51A5-4A07-AB60-5C8A66BD38B7}.Windows8|x86.Build.0 = Release|x86
		{845EDE87-79AA-4026-8A1D-F1A0FAAFA216}.Android|Any CPU.ActiveCfg = Release|x86
		{845EDE87-79AA-4026-8A1D-F1A0FAAFA216}.Android|Mixed Platforms.ActiveCfg = Release|x86
		{845EDE87-79AA-4026-8A1D-F1A0FAAFA216}.Android|Mixed Platforms.Build.0 = Release|x86
		{845EDE87-79AA-4026-8A1D-F1A0FAAFA216}.Android|x64.ActiveCfg = Release|x86
		{845EDE87-79AA-4026-8A1D-F1A0FAAFA216}.Android|x86.ActiveCfg = Release|x86
		{845EDE87-79AA-4026-8A1D-F1A0FAAFA216}.Android|x86.Build.0 = Release|x86
		{845EDE87-79AA-4026-8A1D-F1A0FAAFA216}.Debug|Any CPU.ActiveCfg = Debug|Any CPU
		{845EDE87-79AA-4026-8A1D-F1A0FAAFA216}.Debug|Any CPU.Build.0 = Debug|Any CPU
		{845EDE87-79AA-4026-8A1D-F1A0FAAFA216}.Debug|Mixed Platforms.ActiveCfg = Debug|x86
		{845EDE87-79AA-4026-8A1D-F1A0FAAFA216}.Debug|Mixed Platforms.Build.0 = Debug|x86
		{845EDE87-79AA-4026-8A1D-F1A0FAAFA216}.Debug|x64.ActiveCfg = Debug|x86
		{845EDE87-79AA-4026-8A1D-F1A0FAAFA216}.Debug|x64.Build.0 = Debug|x86
		{845EDE87-79AA-4026-8A1D-F1A0FAAFA216}.Debug|x86.ActiveCfg = Debug|x86
		{845EDE87-79AA-4026-8A1D-F1A0FAAFA216}.Debug|x86.Build.0 = Debug|x86
		{845EDE87-79AA-4026-8A1D-F1A0FAAFA216}.iOS|Any CPU.ActiveCfg = Release|x86
		{845EDE87-79AA-4026-8A1D-F1A0FAAFA216}.iOS|Mixed Platforms.ActiveCfg = Release|x86
		{845EDE87-79AA-4026-8A1D-F1A0FAAFA216}.iOS|Mixed Platforms.Build.0 = Release|x86
		{845EDE87-79AA-4026-8A1D-F1A0FAAFA216}.iOS|x64.ActiveCfg = Release|x86
		{845EDE87-79AA-4026-8A1D-F1A0FAAFA216}.iOS|x86.ActiveCfg = Release|x86
		{845EDE87-79AA-4026-8A1D-F1A0FAAFA216}.iOS|x86.Build.0 = Release|x86
		{845EDE87-79AA-4026-8A1D-F1A0FAAFA216}.Linux|Any CPU.ActiveCfg = Release|x86
		{845EDE87-79AA-4026-8A1D-F1A0FAAFA216}.Linux|Mixed Platforms.ActiveCfg = Release|x86
		{845EDE87-79AA-4026-8A1D-F1A0FAAFA216}.Linux|Mixed Platforms.Build.0 = Release|x86
		{845EDE87-79AA-4026-8A1D-F1A0FAAFA216}.Linux|x64.ActiveCfg = Release|x86
		{845EDE87-79AA-4026-8A1D-F1A0FAAFA216}.Linux|x86.ActiveCfg = Release|x86
		{845EDE87-79AA-4026-8A1D-F1A0FAAFA216}.Linux|x86.Build.0 = Release|x86
		{845EDE87-79AA-4026-8A1D-F1A0FAAFA216}.OSX|Any CPU.ActiveCfg = Release|x86
		{845EDE87-79AA-4026-8A1D-F1A0FAAFA216}.OSX|Mixed Platforms.ActiveCfg = Release|x86
		{845EDE87-79AA-4026-8A1D-F1A0FAAFA216}.OSX|Mixed Platforms.Build.0 = Release|x86
		{845EDE87-79AA-4026-8A1D-F1A0FAAFA216}.OSX|x64.ActiveCfg = Release|x86
		{845EDE87-79AA-4026-8A1D-F1A0FAAFA216}.OSX|x86.ActiveCfg = Release|x86
		{845EDE87-79AA-4026-8A1D-F1A0FAAFA216}.OSX|x86.Build.0 = Release|x86
		{845EDE87-79AA-4026-8A1D-F1A0FAAFA216}.PSM|Any CPU.ActiveCfg = Release|x86
		{845EDE87-79AA-4026-8A1D-F1A0FAAFA216}.PSM|Mixed Platforms.ActiveCfg = Release|x86
		{845EDE87-79AA-4026-8A1D-F1A0FAAFA216}.PSM|Mixed Platforms.Build.0 = Release|x86
		{845EDE87-79AA-4026-8A1D-F1A0FAAFA216}.PSM|x64.ActiveCfg = Release|x86
		{845EDE87-79AA-4026-8A1D-F1A0FAAFA216}.PSM|x86.ActiveCfg = Release|x86
		{845EDE87-79AA-4026-8A1D-F1A0FAAFA216}.PSM|x86.Build.0 = Release|x86
		{845EDE87-79AA-4026-8A1D-F1A0FAAFA216}.Release|Any CPU.ActiveCfg = Release|Any CPU
		{845EDE87-79AA-4026-8A1D-F1A0FAAFA216}.Release|Any CPU.Build.0 = Release|Any CPU
		{845EDE87-79AA-4026-8A1D-F1A0FAAFA216}.Release|Mixed Platforms.ActiveCfg = Release|x86
		{845EDE87-79AA-4026-8A1D-F1A0FAAFA216}.Release|Mixed Platforms.Build.0 = Release|x86
		{845EDE87-79AA-4026-8A1D-F1A0FAAFA216}.Release|x64.ActiveCfg = Release|x86
		{845EDE87-79AA-4026-8A1D-F1A0FAAFA216}.Release|x86.ActiveCfg = Release|x86
		{845EDE87-79AA-4026-8A1D-F1A0FAAFA216}.Release|x86.Build.0 = Release|x86
		{845EDE87-79AA-4026-8A1D-F1A0FAAFA216}.Windows|Any CPU.ActiveCfg = Release|x86
		{845EDE87-79AA-4026-8A1D-F1A0FAAFA216}.Windows|Mixed Platforms.ActiveCfg = Release|x86
		{845EDE87-79AA-4026-8A1D-F1A0FAAFA216}.Windows|Mixed Platforms.Build.0 = Release|x86
		{845EDE87-79AA-4026-8A1D-F1A0FAAFA216}.Windows|x64.ActiveCfg = Release|x86
		{845EDE87-79AA-4026-8A1D-F1A0FAAFA216}.Windows|x86.ActiveCfg = Release|x86
		{845EDE87-79AA-4026-8A1D-F1A0FAAFA216}.Windows|x86.Build.0 = Release|x86
		{845EDE87-79AA-4026-8A1D-F1A0FAAFA216}.Windows8|Any CPU.ActiveCfg = Release|x86
		{845EDE87-79AA-4026-8A1D-F1A0FAAFA216}.Windows8|Mixed Platforms.ActiveCfg = Release|x86
		{845EDE87-79AA-4026-8A1D-F1A0FAAFA216}.Windows8|Mixed Platforms.Build.0 = Release|x86
		{845EDE87-79AA-4026-8A1D-F1A0FAAFA216}.Windows8|x64.ActiveCfg = Release|x86
		{845EDE87-79AA-4026-8A1D-F1A0FAAFA216}.Windows8|x86.ActiveCfg = Release|x86
		{845EDE87-79AA-4026-8A1D-F1A0FAAFA216}.Windows8|x86.Build.0 = Release|x86
		{BEA11051-373F-4301-ACFB-574972F6E5AD}.Android|Any CPU.ActiveCfg = Release|Any CPU
		{BEA11051-373F-4301-ACFB-574972F6E5AD}.Android|Any CPU.Build.0 = Release|Any CPU
		{BEA11051-373F-4301-ACFB-574972F6E5AD}.Android|Mixed Platforms.ActiveCfg = Release|Any CPU
		{BEA11051-373F-4301-ACFB-574972F6E5AD}.Android|Mixed Platforms.Build.0 = Release|Any CPU
		{BEA11051-373F-4301-ACFB-574972F6E5AD}.Android|x64.ActiveCfg = Debug|x64
		{BEA11051-373F-4301-ACFB-574972F6E5AD}.Android|x64.Build.0 = Debug|x64
		{BEA11051-373F-4301-ACFB-574972F6E5AD}.Android|x86.ActiveCfg = Release|Any CPU
		{BEA11051-373F-4301-ACFB-574972F6E5AD}.Debug|Any CPU.ActiveCfg = Debug|Any CPU
		{BEA11051-373F-4301-ACFB-574972F6E5AD}.Debug|Any CPU.Build.0 = Debug|Any CPU
		{BEA11051-373F-4301-ACFB-574972F6E5AD}.Debug|Mixed Platforms.ActiveCfg = Debug|Any CPU
		{BEA11051-373F-4301-ACFB-574972F6E5AD}.Debug|Mixed Platforms.Build.0 = Debug|Any CPU
		{BEA11051-373F-4301-ACFB-574972F6E5AD}.Debug|x64.ActiveCfg = Debug|Any CPU
		{BEA11051-373F-4301-ACFB-574972F6E5AD}.Debug|x64.Build.0 = Debug|Any CPU
		{BEA11051-373F-4301-ACFB-574972F6E5AD}.Debug|x86.ActiveCfg = Debug|Any CPU
		{BEA11051-373F-4301-ACFB-574972F6E5AD}.iOS|Any CPU.ActiveCfg = Release|Any CPU
		{BEA11051-373F-4301-ACFB-574972F6E5AD}.iOS|Any CPU.Build.0 = Release|Any CPU
		{BEA11051-373F-4301-ACFB-574972F6E5AD}.iOS|Mixed Platforms.ActiveCfg = Release|Any CPU
		{BEA11051-373F-4301-ACFB-574972F6E5AD}.iOS|Mixed Platforms.Build.0 = Release|Any CPU
		{BEA11051-373F-4301-ACFB-574972F6E5AD}.iOS|x64.ActiveCfg = Debug|x64
		{BEA11051-373F-4301-ACFB-574972F6E5AD}.iOS|x64.Build.0 = Debug|x64
		{BEA11051-373F-4301-ACFB-574972F6E5AD}.iOS|x86.ActiveCfg = Release|Any CPU
		{BEA11051-373F-4301-ACFB-574972F6E5AD}.Linux|Any CPU.ActiveCfg = Release|Any CPU
		{BEA11051-373F-4301-ACFB-574972F6E5AD}.Linux|Any CPU.Build.0 = Release|Any CPU
		{BEA11051-373F-4301-ACFB-574972F6E5AD}.Linux|Mixed Platforms.ActiveCfg = Release|Any CPU
		{BEA11051-373F-4301-ACFB-574972F6E5AD}.Linux|Mixed Platforms.Build.0 = Release|Any CPU
		{BEA11051-373F-4301-ACFB-574972F6E5AD}.Linux|x64.ActiveCfg = Debug|x64
		{BEA11051-373F-4301-ACFB-574972F6E5AD}.Linux|x64.Build.0 = Debug|x64
		{BEA11051-373F-4301-ACFB-574972F6E5AD}.Linux|x86.ActiveCfg = Release|Any CPU
		{BEA11051-373F-4301-ACFB-574972F6E5AD}.OSX|Any CPU.ActiveCfg = Release|Any CPU
		{BEA11051-373F-4301-ACFB-574972F6E5AD}.OSX|Any CPU.Build.0 = Release|Any CPU
		{BEA11051-373F-4301-ACFB-574972F6E5AD}.OSX|Mixed Platforms.ActiveCfg = Release|Any CPU
		{BEA11051-373F-4301-ACFB-574972F6E5AD}.OSX|Mixed Platforms.Build.0 = Release|Any CPU
		{BEA11051-373F-4301-ACFB-574972F6E5AD}.OSX|x64.ActiveCfg = Debug|x64
		{BEA11051-373F-4301-ACFB-574972F6E5AD}.OSX|x64.Build.0 = Debug|x64
		{BEA11051-373F-4301-ACFB-574972F6E5AD}.OSX|x86.ActiveCfg = Release|Any CPU
		{BEA11051-373F-4301-ACFB-574972F6E5AD}.PSM|Any CPU.ActiveCfg = Release|Any CPU
		{BEA11051-373F-4301-ACFB-574972F6E5AD}.PSM|Any CPU.Build.0 = Release|Any CPU
		{BEA11051-373F-4301-ACFB-574972F6E5AD}.PSM|Mixed Platforms.ActiveCfg = Release|Any CPU
		{BEA11051-373F-4301-ACFB-574972F6E5AD}.PSM|Mixed Platforms.Build.0 = Release|Any CPU
		{BEA11051-373F-4301-ACFB-574972F6E5AD}.PSM|x64.ActiveCfg = Debug|x64
		{BEA11051-373F-4301-ACFB-574972F6E5AD}.PSM|x64.Build.0 = Debug|x64
		{BEA11051-373F-4301-ACFB-574972F6E5AD}.PSM|x86.ActiveCfg = Release|Any CPU
		{BEA11051-373F-4301-ACFB-574972F6E5AD}.Release|Any CPU.ActiveCfg = Release|Any CPU
		{BEA11051-373F-4301-ACFB-574972F6E5AD}.Release|Any CPU.Build.0 = Release|Any CPU
		{BEA11051-373F-4301-ACFB-574972F6E5AD}.Release|Mixed Platforms.ActiveCfg = Release|Any CPU
		{BEA11051-373F-4301-ACFB-574972F6E5AD}.Release|Mixed Platforms.Build.0 = Release|Any CPU
		{BEA11051-373F-4301-ACFB-574972F6E5AD}.Release|x64.ActiveCfg = Release|x64
		{BEA11051-373F-4301-ACFB-574972F6E5AD}.Release|x64.Build.0 = Release|x64
		{BEA11051-373F-4301-ACFB-574972F6E5AD}.Release|x86.ActiveCfg = Release|Any CPU
		{BEA11051-373F-4301-ACFB-574972F6E5AD}.Windows|Any CPU.ActiveCfg = Release|Any CPU
		{BEA11051-373F-4301-ACFB-574972F6E5AD}.Windows|Any CPU.Build.0 = Release|Any CPU
		{BEA11051-373F-4301-ACFB-574972F6E5AD}.Windows|Mixed Platforms.ActiveCfg = Release|Any CPU
		{BEA11051-373F-4301-ACFB-574972F6E5AD}.Windows|Mixed Platforms.Build.0 = Release|Any CPU
		{BEA11051-373F-4301-ACFB-574972F6E5AD}.Windows|x64.ActiveCfg = Debug|x64
		{BEA11051-373F-4301-ACFB-574972F6E5AD}.Windows|x64.Build.0 = Debug|x64
		{BEA11051-373F-4301-ACFB-574972F6E5AD}.Windows|x86.ActiveCfg = Release|Any CPU
		{BEA11051-373F-4301-ACFB-574972F6E5AD}.Windows8|Any CPU.ActiveCfg = Release|Any CPU
		{BEA11051-373F-4301-ACFB-574972F6E5AD}.Windows8|Any CPU.Build.0 = Release|Any CPU
		{BEA11051-373F-4301-ACFB-574972F6E5AD}.Windows8|Mixed Platforms.ActiveCfg = Release|Any CPU
		{BEA11051-373F-4301-ACFB-574972F6E5AD}.Windows8|Mixed Platforms.Build.0 = Release|Any CPU
		{BEA11051-373F-4301-ACFB-574972F6E5AD}.Windows8|x64.ActiveCfg = Debug|x64
		{BEA11051-373F-4301-ACFB-574972F6E5AD}.Windows8|x64.Build.0 = Debug|x64
		{BEA11051-373F-4301-ACFB-574972F6E5AD}.Windows8|x86.ActiveCfg = Release|Any CPU
		{C057EE7D-AB7E-4416-AB79-1B2E7AF00910}.Android|Any CPU.ActiveCfg = Release|Any CPU
		{C057EE7D-AB7E-4416-AB79-1B2E7AF00910}.Android|Any CPU.Build.0 = Release|Any CPU
		{C057EE7D-AB7E-4416-AB79-1B2E7AF00910}.Android|Mixed Platforms.ActiveCfg = Release|Any CPU
		{C057EE7D-AB7E-4416-AB79-1B2E7AF00910}.Android|Mixed Platforms.Build.0 = Release|Any CPU
		{C057EE7D-AB7E-4416-AB79-1B2E7AF00910}.Android|x64.ActiveCfg = Release|Any CPU
		{C057EE7D-AB7E-4416-AB79-1B2E7AF00910}.Android|x86.ActiveCfg = Release|Any CPU
		{C057EE7D-AB7E-4416-AB79-1B2E7AF00910}.Debug|Any CPU.ActiveCfg = Debug|Any CPU
		{C057EE7D-AB7E-4416-AB79-1B2E7AF00910}.Debug|Any CPU.Build.0 = Debug|Any CPU
		{C057EE7D-AB7E-4416-AB79-1B2E7AF00910}.Debug|Mixed Platforms.ActiveCfg = Debug|Any CPU
		{C057EE7D-AB7E-4416-AB79-1B2E7AF00910}.Debug|Mixed Platforms.Build.0 = Debug|Any CPU
		{C057EE7D-AB7E-4416-AB79-1B2E7AF00910}.Debug|x64.ActiveCfg = Debug|Any CPU
		{C057EE7D-AB7E-4416-AB79-1B2E7AF00910}.Debug|x86.ActiveCfg = Debug|Any CPU
		{C057EE7D-AB7E-4416-AB79-1B2E7AF00910}.iOS|Any CPU.ActiveCfg = Release|Any CPU
		{C057EE7D-AB7E-4416-AB79-1B2E7AF00910}.iOS|Any CPU.Build.0 = Release|Any CPU
		{C057EE7D-AB7E-4416-AB79-1B2E7AF00910}.iOS|Mixed Platforms.ActiveCfg = Release|Any CPU
		{C057EE7D-AB7E-4416-AB79-1B2E7AF00910}.iOS|Mixed Platforms.Build.0 = Release|Any CPU
		{C057EE7D-AB7E-4416-AB79-1B2E7AF00910}.iOS|x64.ActiveCfg = Release|Any CPU
		{C057EE7D-AB7E-4416-AB79-1B2E7AF00910}.iOS|x86.ActiveCfg = Release|Any CPU
		{C057EE7D-AB7E-4416-AB79-1B2E7AF00910}.Linux|Any CPU.ActiveCfg = Release|Any CPU
		{C057EE7D-AB7E-4416-AB79-1B2E7AF00910}.Linux|Any CPU.Build.0 = Release|Any CPU
		{C057EE7D-AB7E-4416-AB79-1B2E7AF00910}.Linux|Mixed Platforms.ActiveCfg = Release|Any CPU
		{C057EE7D-AB7E-4416-AB79-1B2E7AF00910}.Linux|Mixed Platforms.Build.0 = Release|Any CPU
		{C057EE7D-AB7E-4416-AB79-1B2E7AF00910}.Linux|x64.ActiveCfg = Release|Any CPU
		{C057EE7D-AB7E-4416-AB79-1B2E7AF00910}.Linux|x86.ActiveCfg = Release|Any CPU
		{C057EE7D-AB7E-4416-AB79-1B2E7AF00910}.OSX|Any CPU.ActiveCfg = Release|Any CPU
		{C057EE7D-AB7E-4416-AB79-1B2E7AF00910}.OSX|Any CPU.Build.0 = Release|Any CPU
		{C057EE7D-AB7E-4416-AB79-1B2E7AF00910}.OSX|Mixed Platforms.ActiveCfg = Release|Any CPU
		{C057EE7D-AB7E-4416-AB79-1B2E7AF00910}.OSX|Mixed Platforms.Build.0 = Release|Any CPU
		{C057EE7D-AB7E-4416-AB79-1B2E7AF00910}.OSX|x64.ActiveCfg = Release|Any CPU
		{C057EE7D-AB7E-4416-AB79-1B2E7AF00910}.OSX|x86.ActiveCfg = Release|Any CPU
		{C057EE7D-AB7E-4416-AB79-1B2E7AF00910}.PSM|Any CPU.ActiveCfg = Release|Any CPU
		{C057EE7D-AB7E-4416-AB79-1B2E7AF00910}.PSM|Any CPU.Build.0 = Release|Any CPU
		{C057EE7D-AB7E-4416-AB79-1B2E7AF00910}.PSM|Mixed Platforms.ActiveCfg = Release|Any CPU
		{C057EE7D-AB7E-4416-AB79-1B2E7AF00910}.PSM|Mixed Platforms.Build.0 = Release|Any CPU
		{C057EE7D-AB7E-4416-AB79-1B2E7AF00910}.PSM|x64.ActiveCfg = Release|Any CPU
		{C057EE7D-AB7E-4416-AB79-1B2E7AF00910}.PSM|x86.ActiveCfg = Release|Any CPU
		{C057EE7D-AB7E-4416-AB79-1B2E7AF00910}.Release|Any CPU.ActiveCfg = Release|Any CPU
		{C057EE7D-AB7E-4416-AB79-1B2E7AF00910}.Release|Any CPU.Build.0 = Release|Any CPU
		{C057EE7D-AB7E-4416-AB79-1B2E7AF00910}.Release|Mixed Platforms.ActiveCfg = Release|Any CPU
		{C057EE7D-AB7E-4416-AB79-1B2E7AF00910}.Release|Mixed Platforms.Build.0 = Release|Any CPU
		{C057EE7D-AB7E-4416-AB79-1B2E7AF00910}.Release|x64.ActiveCfg = Release|Any CPU
		{C057EE7D-AB7E-4416-AB79-1B2E7AF00910}.Release|x86.ActiveCfg = Release|Any CPU
		{C057EE7D-AB7E-4416-AB79-1B2E7AF00910}.Windows|Any CPU.ActiveCfg = Release|Any CPU
		{C057EE7D-AB7E-4416-AB79-1B2E7AF00910}.Windows|Any CPU.Build.0 = Release|Any CPU
		{C057EE7D-AB7E-4416-AB79-1B2E7AF00910}.Windows|Mixed Platforms.ActiveCfg = Release|Any CPU
		{C057EE7D-AB7E-4416-AB79-1B2E7AF00910}.Windows|Mixed Platforms.Build.0 = Release|Any CPU
		{C057EE7D-AB7E-4416-AB79-1B2E7AF00910}.Windows|x64.ActiveCfg = Release|Any CPU
		{C057EE7D-AB7E-4416-AB79-1B2E7AF00910}.Windows|x86.ActiveCfg = Release|Any CPU
		{C057EE7D-AB7E-4416-AB79-1B2E7AF00910}.Windows8|Any CPU.ActiveCfg = Release|Any CPU
		{C057EE7D-AB7E-4416-AB79-1B2E7AF00910}.Windows8|Any CPU.Build.0 = Release|Any CPU
		{C057EE7D-AB7E-4416-AB79-1B2E7AF00910}.Windows8|Mixed Platforms.ActiveCfg = Release|Any CPU
		{C057EE7D-AB7E-4416-AB79-1B2E7AF00910}.Windows8|Mixed Platforms.Build.0 = Release|Any CPU
		{C057EE7D-AB7E-4416-AB79-1B2E7AF00910}.Windows8|x64.ActiveCfg = Release|Any CPU
		{C057EE7D-AB7E-4416-AB79-1B2E7AF00910}.Windows8|x86.ActiveCfg = Release|Any CPU
		{FE8E5CF1-8B3A-4FA4-BDF6-BEF22F07D730}.Android|Any CPU.ActiveCfg = Release|x86
		{FE8E5CF1-8B3A-4FA4-BDF6-BEF22F07D730}.Android|Mixed Platforms.ActiveCfg = Release|x86
		{FE8E5CF1-8B3A-4FA4-BDF6-BEF22F07D730}.Android|Mixed Platforms.Build.0 = Release|x86
		{FE8E5CF1-8B3A-4FA4-BDF6-BEF22F07D730}.Android|x64.ActiveCfg = Release|x86
		{FE8E5CF1-8B3A-4FA4-BDF6-BEF22F07D730}.Android|x86.ActiveCfg = Release|x86
		{FE8E5CF1-8B3A-4FA4-BDF6-BEF22F07D730}.Android|x86.Build.0 = Release|x86
		{FE8E5CF1-8B3A-4FA4-BDF6-BEF22F07D730}.Debug|Any CPU.ActiveCfg = Debug|Any CPU
		{FE8E5CF1-8B3A-4FA4-BDF6-BEF22F07D730}.Debug|Any CPU.Build.0 = Debug|Any CPU
		{FE8E5CF1-8B3A-4FA4-BDF6-BEF22F07D730}.Debug|Mixed Platforms.ActiveCfg = Debug|x86
		{FE8E5CF1-8B3A-4FA4-BDF6-BEF22F07D730}.Debug|Mixed Platforms.Build.0 = Debug|x86
		{FE8E5CF1-8B3A-4FA4-BDF6-BEF22F07D730}.Debug|x64.ActiveCfg = Debug|x86
		{FE8E5CF1-8B3A-4FA4-BDF6-BEF22F07D730}.Debug|x86.ActiveCfg = Debug|x86
		{FE8E5CF1-8B3A-4FA4-BDF6-BEF22F07D730}.Debug|x86.Build.0 = Debug|x86
		{FE8E5CF1-8B3A-4FA4-BDF6-BEF22F07D730}.iOS|Any CPU.ActiveCfg = Release|x86
		{FE8E5CF1-8B3A-4FA4-BDF6-BEF22F07D730}.iOS|Mixed Platforms.ActiveCfg = Release|x86
		{FE8E5CF1-8B3A-4FA4-BDF6-BEF22F07D730}.iOS|Mixed Platforms.Build.0 = Release|x86
		{FE8E5CF1-8B3A-4FA4-BDF6-BEF22F07D730}.iOS|x64.ActiveCfg = Release|x86
		{FE8E5CF1-8B3A-4FA4-BDF6-BEF22F07D730}.iOS|x86.ActiveCfg = Release|x86
		{FE8E5CF1-8B3A-4FA4-BDF6-BEF22F07D730}.iOS|x86.Build.0 = Release|x86
		{FE8E5CF1-8B3A-4FA4-BDF6-BEF22F07D730}.Linux|Any CPU.ActiveCfg = Release|x86
		{FE8E5CF1-8B3A-4FA4-BDF6-BEF22F07D730}.Linux|Mixed Platforms.ActiveCfg = Release|x86
		{FE8E5CF1-8B3A-4FA4-BDF6-BEF22F07D730}.Linux|Mixed Platforms.Build.0 = Release|x86
		{FE8E5CF1-8B3A-4FA4-BDF6-BEF22F07D730}.Linux|x64.ActiveCfg = Release|x86
		{FE8E5CF1-8B3A-4FA4-BDF6-BEF22F07D730}.Linux|x86.ActiveCfg = Release|x86
		{FE8E5CF1-8B3A-4FA4-BDF6-BEF22F07D730}.Linux|x86.Build.0 = Release|x86
		{FE8E5CF1-8B3A-4FA4-BDF6-BEF22F07D730}.OSX|Any CPU.ActiveCfg = Release|x86
		{FE8E5CF1-8B3A-4FA4-BDF6-BEF22F07D730}.OSX|Mixed Platforms.ActiveCfg = Release|x86
		{FE8E5CF1-8B3A-4FA4-BDF6-BEF22F07D730}.OSX|Mixed Platforms.Build.0 = Release|x86
		{FE8E5CF1-8B3A-4FA4-BDF6-BEF22F07D730}.OSX|x64.ActiveCfg = Release|x86
		{FE8E5CF1-8B3A-4FA4-BDF6-BEF22F07D730}.OSX|x86.ActiveCfg = Release|x86
		{FE8E5CF1-8B3A-4FA4-BDF6-BEF22F07D730}.OSX|x86.Build.0 = Release|x86
		{FE8E5CF1-8B3A-4FA4-BDF6-BEF22F07D730}.PSM|Any CPU.ActiveCfg = Release|x86
		{FE8E5CF1-8B3A-4FA4-BDF6-BEF22F07D730}.PSM|Mixed Platforms.ActiveCfg = Release|x86
		{FE8E5CF1-8B3A-4FA4-BDF6-BEF22F07D730}.PSM|Mixed Platforms.Build.0 = Release|x86
		{FE8E5CF1-8B3A-4FA4-BDF6-BEF22F07D730}.PSM|x64.ActiveCfg = Release|x86
		{FE8E5CF1-8B3A-4FA4-BDF6-BEF22F07D730}.PSM|x86.ActiveCfg = Release|x86
		{FE8E5CF1-8B3A-4FA4-BDF6-BEF22F07D730}.PSM|x86.Build.0 = Release|x86
		{FE8E5CF1-8B3A-4FA4-BDF6-BEF22F07D730}.Release|Any CPU.ActiveCfg = Release|Any CPU
		{FE8E5CF1-8B3A-4FA4-BDF6-BEF22F07D730}.Release|Any CPU.Build.0 = Release|Any CPU
		{FE8E5CF1-8B3A-4FA4-BDF6-BEF22F07D730}.Release|Mixed Platforms.ActiveCfg = Release|x86
		{FE8E5CF1-8B3A-4FA4-BDF6-BEF22F07D730}.Release|Mixed Platforms.Build.0 = Release|x86
		{FE8E5CF1-8B3A-4FA4-BDF6-BEF22F07D730}.Release|x64.ActiveCfg = Release|x86
		{FE8E5CF1-8B3A-4FA4-BDF6-BEF22F07D730}.Release|x86.ActiveCfg = Release|x86
		{FE8E5CF1-8B3A-4FA4-BDF6-BEF22F07D730}.Release|x86.Build.0 = Release|x86
		{FE8E5CF1-8B3A-4FA4-BDF6-BEF22F07D730}.Windows|Any CPU.ActiveCfg = Release|x86
		{FE8E5CF1-8B3A-4FA4-BDF6-BEF22F07D730}.Windows|Mixed Platforms.ActiveCfg = Release|x86
		{FE8E5CF1-8B3A-4FA4-BDF6-BEF22F07D730}.Windows|Mixed Platforms.Build.0 = Release|x86
		{FE8E5CF1-8B3A-4FA4-BDF6-BEF22F07D730}.Windows|x64.ActiveCfg = Release|x86
		{FE8E5CF1-8B3A-4FA4-BDF6-BEF22F07D730}.Windows|x86.ActiveCfg = Release|x86
		{FE8E5CF1-8B3A-4FA4-BDF6-BEF22F07D730}.Windows|x86.Build.0 = Release|x86
		{FE8E5CF1-8B3A-4FA4-BDF6-BEF22F07D730}.Windows8|Any CPU.ActiveCfg = Release|x86
		{FE8E5CF1-8B3A-4FA4-BDF6-BEF22F07D730}.Windows8|Mixed Platforms.ActiveCfg = Release|x86
		{FE8E5CF1-8B3A-4FA4-BDF6-BEF22F07D730}.Windows8|Mixed Platforms.Build.0 = Release|x86
		{FE8E5CF1-8B3A-4FA4-BDF6-BEF22F07D730}.Windows8|x64.ActiveCfg = Release|x86
		{FE8E5CF1-8B3A-4FA4-BDF6-BEF22F07D730}.Windows8|x86.ActiveCfg = Release|x86
		{FE8E5CF1-8B3A-4FA4-BDF6-BEF22F07D730}.Windows8|x86.Build.0 = Release|x86
	EndGlobalSection
	GlobalSection(MonoDevelopProperties) = preSolution
		Policies = $0
		$0.DotNetNamingPolicy = $1
		$1.DirectoryNamespaceAssociation = None
		$1.ResourceNamePolicy = FileFormatDefault
	EndGlobalSection
	GlobalSection(SolutionProperties) = preSolution
		HideSolutionNode = FALSE
	EndGlobalSection
EndGlobal
